
Microsoft Visual Studio Solution File, Format Version 12.00
# Visual Studio Version 17
VisualStudioVersion = 17.7.34009.444
MinimumVisualStudioVersion = 10.0.40219.1
Project("{FAE04EC0-301F-11D3-BF4B-00C04F79EFBC}") = "TimeTable.API", "TimeTable.API\TimeTable.API.csproj", "{580FF102-A70B-4EEE-A037-5DA1288C7635}"
EndProject
Project("{FAE04EC0-301F-11D3-BF4B-00C04F79EFBC}") = "TimeTable.DataContext", "TimeTable.DataContext\TimeTable.DataContext.csproj", "{A4A8866A-BC3E-46B5-8637-040311044001}"
EndProject
Project("{FAE04EC0-301F-11D3-BF4B-00C04F79EFBC}") = "TimeTable.Respository", "TimeTable.Respository\TimeTable.Respository.csproj", "{71F02960-C783-4C8B-A03B-3AA5FEE413C8}"
EndProject
Global
	GlobalSection(SolutionConfigurationPlatforms) = preSolution
		Debug|Any CPU = Debug|Any CPU
		Release|Any CPU = Release|Any CPU
	EndGlobalSection
	GlobalSection(ProjectConfigurationPlatforms) = postSolution
		{580FF102-A70B-4EEE-A037-5DA1288C7635}.Debug|Any CPU.ActiveCfg = Debug|Any CPU
		{580FF102-A70B-4EEE-A037-5DA1288C7635}.Debug|Any CPU.Build.0 = Debug|Any CPU
		{580FF102-A70B-4EEE-A037-5DA1288C7635}.Release|Any CPU.ActiveCfg = Release|Any CPU
		{580FF102-A70B-4EEE-A037-5DA1288C7635}.Release|Any CPU.Build.0 = Release|Any CPU
		{A4A8866A-BC3E-46B5-8637-040311044001}.Debug|Any CPU.ActiveCfg = Debug|Any CPU
		{A4A8866A-BC3E-46B5-8637-040311044001}.Debug|Any CPU.Build.0 = Debug|Any CPU
		{A4A8866A-BC3E-46B5-8637-040311044001}.Release|Any CPU.ActiveCfg = Release|Any CPU
		{A4A8866A-BC3E-46B5-8637-040311044001}.Release|Any CPU.Build.0 = Release|Any CPU
		{71F02960-C783-4C8B-A03B-3AA5FEE413C8}.Debug|Any CPU.ActiveCfg = Debug|Any CPU
		{71F02960-C783-4C8B-A03B-3AA5FEE413C8}.Debug|Any CPU.Build.0 = Debug|Any CPU
		{71F02960-C783-4C8B-A03B-3AA5FEE413C8}.Release|Any CPU.ActiveCfg = Release|Any CPU
		{71F02960-C783-4C8B-A03B-3AA5FEE413C8}.Release|Any CPU.Build.0 = Release|Any CPU
	EndGlobalSection
	GlobalSection(SolutionProperties) = preSolution
		HideSolutionNode = FALSE
	EndGlobalSection
	GlobalSection(ExtensibilityGlobals) = postSolution
		SolutionGuid = {90AA4624-B173-4B25-A7DC-EA003FEE6F6F}
	EndGlobalSection
EndGlobal
